
Microsoft Visual Studio Solution File, Format Version 12.00
# Visual Studio Version 17
VisualStudioVersion = 17.3.32929.385
MinimumVisualStudioVersion = 10.0.40219.1
Project("{2150E333-8FDC-42A3-9474-1A3956D46DE8}") = "Solution Items", "Solution Items", "{E51C019E-D98E-4848-8ED4-39FDB523CCD6}"
	ProjectSection(SolutionItems) = preProject
		jobapplication.html = jobapplication.html
	EndProjectSection
EndProject
Global
	GlobalSection(SolutionProperties) = preSolution
		HideSolutionNode = FALSE
	EndGlobalSection
	GlobalSection(ExtensibilityGlobals) = postSolution
		SolutionGuid = {E0792710-5E7B-47D8-8995-E523A757E340}
	EndGlobalSection
EndGlobal
